// !$*UTF8*$!
{
	archiveVersion = 1;
	classes = {
	};
	objectVersion = 56;
	objects = {

/* Begin PBXBuildFile section */
		9EB977332A1B85B1005FF181 /* TakeatApp.swift in Sources */ = {isa = PBXBuildFile; fileRef = 9EB977322A1B85B1005FF181 /* TakeatApp.swift */; };
		9EB977352A1B85B1005FF181 /* ContentView.swift in Sources */ = {isa = PBXBuildFile; fileRef = 9EB977342A1B85B1005FF181 /* ContentView.swift */; };
		9EB977372A1B85B1005FF181 /* Assets.xcassets in Resources */ = {isa = PBXBuildFile; fileRef = 9EB977362A1B85B1005FF181 /* Assets.xcassets */; };
		9EB9773A2A1B85B1005FF181 /* Preview Assets.xcassets in Resources */ = {isa = PBXBuildFile; fileRef = 9EB977392A1B85B1005FF181 /* Preview Assets.xcassets */; };
		9EB977422A1B85E6005FF181 /* Cart.swift in Sources */ = {isa = PBXBuildFile; fileRef = 9EB977412A1B85E6005FF181 /* Cart.swift */; };
		9EB977442A1B85F6005FF181 /* Item.swift in Sources */ = {isa = PBXBuildFile; fileRef = 9EB977432A1B85F6005FF181 /* Item.swift */; };
		9EB977472A1B861D005FF181 /* ListViewModel.swift in Sources */ = {isa = PBXBuildFile; fileRef = 9EB977462A1B861D005FF181 /* ListViewModel.swift */; };
		9EB9774C2A1B868E005FF181 /* ListView.swift in Sources */ = {isa = PBXBuildFile; fileRef = 9EB9774B2A1B868E005FF181 /* ListView.swift */; };
		9EB9774E2A1B86C0005FF181 /* ItemView.swift in Sources */ = {isa = PBXBuildFile; fileRef = 9EB9774D2A1B86C0005FF181 /* ItemView.swift */; };
		9EB977502A1BA3D6005FF181 /* CartButton.swift in Sources */ = {isa = PBXBuildFile; fileRef = 9EB9774F2A1BA3D6005FF181 /* CartButton.swift */; };
		9EB977522A1BA4B9005FF181 /* CartView.swift in Sources */ = {isa = PBXBuildFile; fileRef = 9EB977512A1BA4B9005FF181 /* CartView.swift */; };
/* End PBXBuildFile section */

/* Begin PBXFileReference section */
		9EB9772F2A1B85B1005FF181 /* Takeat.app */ = {isa = PBXFileReference; explicitFileType = wrapper.application; includeInIndex = 0; path = Takeat.app; sourceTree = BUILT_PRODUCTS_DIR; };
		9EB977322A1B85B1005FF181 /* TakeatApp.swift */ = {isa = PBXFileReference; lastKnownFileType = sourcecode.swift; path = TakeatApp.swift; sourceTree = "<group>"; };
		9EB977342A1B85B1005FF181 /* ContentView.swift */ = {isa = PBXFileReference; lastKnownFileType = sourcecode.swift; path = ContentView.swift; sourceTree = "<group>"; };
		9EB977362A1B85B1005FF181 /* Assets.xcassets */ = {isa = PBXFileReference; lastKnownFileType = folder.assetcatalog; path = Assets.xcassets; sourceTree = "<group>"; };
		9EB977392A1B85B1005FF181 /* Preview Assets.xcassets */ = {isa = PBXFileReference; lastKnownFileType = folder.assetcatalog; path = "Preview Assets.xcassets"; sourceTree = "<group>"; };
		9EB977412A1B85E6005FF181 /* Cart.swift */ = {isa = PBXFileReference; lastKnownFileType = sourcecode.swift; path = Cart.swift; sourceTree = "<group>"; };
		9EB977432A1B85F6005FF181 /* Item.swift */ = {isa = PBXFileReference; lastKnownFileType = sourcecode.swift; path = Item.swift; sourceTree = "<group>"; };
		9EB977462A1B861D005FF181 /* ListViewModel.swift */ = {isa = PBXFileReference; lastKnownFileType = sourcecode.swift; path = ListViewModel.swift; sourceTree = "<group>"; };
		9EB9774B2A1B868E005FF181 /* ListView.swift */ = {isa = PBXFileReference; lastKnownFileType = sourcecode.swift; path = ListView.swift; sourceTree = "<group>"; };
		9EB9774D2A1B86C0005FF181 /* ItemView.swift */ = {isa = PBXFileReference; lastKnownFileType = sourcecode.swift; path = ItemView.swift; sourceTree = "<group>"; };
		9EB9774F2A1BA3D6005FF181 /* CartButton.swift */ = {isa = PBXFileReference; lastKnownFileType = sourcecode.swift; path = CartButton.swift; sourceTree = "<group>"; };
		9EB977512A1BA4B9005FF181 /* CartView.swift */ = {isa = PBXFileReference; lastKnownFileType = sourcecode.swift; path = CartView.swift; sourceTree = "<group>"; };
/* End PBXFileReference section */

/* Begin PBXFrameworksBuildPhase section */
		9EB9772C2A1B85B1005FF181 /* Frameworks */ = {
			isa = PBXFrameworksBuildPhase;
			buildActionMask = 2147483647;
			files = (
			);
			runOnlyForDeploymentPostprocessing = 0;
		};
/* End PBXFrameworksBuildPhase section */

/* Begin PBXGroup section */
		9EB977262A1B85B1005FF181 = {
			isa = PBXGroup;
			children = (
				9EB977312A1B85B1005FF181 /* Takeat */,
				9EB977302A1B85B1005FF181 /* Products */,
			);
			sourceTree = "<group>";
		};
		9EB977302A1B85B1005FF181 /* Products */ = {
			isa = PBXGroup;
			children = (
				9EB9772F2A1B85B1005FF181 /* Takeat.app */,
			);
			name = Products;
			sourceTree = "<group>";
		};
		9EB977312A1B85B1005FF181 /* Takeat */ = {
			isa = PBXGroup;
			children = (
				9EB9774A2A1B8650005FF181 /* Components */,
				9EB977482A1B8633005FF181 /* Views */,
				9EB977452A1B8609005FF181 /* ViewModel */,
				9EB977402A1B85D9005FF181 /* Model */,
				9EB977322A1B85B1005FF181 /* TakeatApp.swift */,
				9EB977342A1B85B1005FF181 /* ContentView.swift */,
				9EB977362A1B85B1005FF181 /* Assets.xcassets */,
				9EB977382A1B85B1005FF181 /* Preview Content */,
			);
			path = Takeat;
			sourceTree = "<group>";
		};
		9EB977382A1B85B1005FF181 /* Preview Content */ = {
			isa = PBXGroup;
			children = (
				9EB977392A1B85B1005FF181 /* Preview Assets.xcassets */,
			);
			path = "Preview Content";
			sourceTree = "<group>";
		};
		9EB977402A1B85D9005FF181 /* Model */ = {
			isa = PBXGroup;
			children = (
				9EB977412A1B85E6005FF181 /* Cart.swift */,
				9EB977432A1B85F6005FF181 /* Item.swift */,
			);
			path = Model;
			sourceTree = "<group>";
		};
		9EB977452A1B8609005FF181 /* ViewModel */ = {
			isa = PBXGroup;
			children = (
				9EB977462A1B861D005FF181 /* ListViewModel.swift */,
			);
			path = ViewModel;
			sourceTree = "<group>";
		};
		9EB977482A1B8633005FF181 /* Views */ = {
			isa = PBXGroup;
			children = (
				9EB9774B2A1B868E005FF181 /* ListView.swift */,
				9EB977512A1BA4B9005FF181 /* CartView.swift */,
			);
			path = Views;
			sourceTree = "<group>";
		};
		9EB9774A2A1B8650005FF181 /* Components */ = {
			isa = PBXGroup;
			children = (
				9EB9774D2A1B86C0005FF181 /* ItemView.swift */,
				9EB9774F2A1BA3D6005FF181 /* CartButton.swift */,
			);
			path = Components;
			sourceTree = "<group>";
		};
/* End PBXGroup section */

/* Begin PBXNativeTarget section */
		9EB9772E2A1B85B1005FF181 /* Takeat */ = {
			isa = PBXNativeTarget;
			buildConfigurationList = 9EB9773D2A1B85B1005FF181 /* Build configuration list for PBXNativeTarget "Takeat" */;
			buildPhases = (
				9EB9772B2A1B85B1005FF181 /* Sources */,
				9EB9772C2A1B85B1005FF181 /* Frameworks */,
				9EB9772D2A1B85B1005FF181 /* Resources */,
			);
			buildRules = (
			);
			dependencies = (
			);
			name = Takeat;
			productName = Takeat;
			productReference = 9EB9772F2A1B85B1005FF181 /* Takeat.app */;
			productType = "com.apple.product-type.application";
		};
/* End PBXNativeTarget section */

/* Begin PBXProject section */
		9EB977272A1B85B1005FF181 /* Project object */ = {
			isa = PBXProject;
			attributes = {
				BuildIndependentTargetsInParallel = 1;
				LastSwiftUpdateCheck = 1430;
				LastUpgradeCheck = 1430;
				TargetAttributes = {
					9EB9772E2A1B85B1005FF181 = {
						CreatedOnToolsVersion = 14.3;
					};
				};
			};
			buildConfigurationList = 9EB9772A2A1B85B1005FF181 /* Build configuration list for PBXProject "Takeat" */;
			compatibilityVersion = "Xcode 14.0";
			developmentRegion = en;
			hasScannedForEncodings = 0;
			knownRegions = (
				en,
				Base,
			);
			mainGroup = 9EB977262A1B85B1005FF181;
			productRefGroup = 9EB977302A1B85B1005FF181 /* Products */;
			projectDirPath = "";
			projectRoot = "";
			targets = (
				9EB9772E2A1B85B1005FF181 /* Takeat */,
			);
		};
/* End PBXProject section */

/* Begin PBXResourcesBuildPhase section */
		9EB9772D2A1B85B1005FF181 /* Resources */ = {
			isa = PBXResourcesBuildPhase;
			buildActionMask = 2147483647;
			files = (
				9EB9773A2A1B85B1005FF181 /* Preview Assets.xcassets in Resources */,
				9EB977372A1B85B1005FF181 /* Assets.xcassets in Resources */,
			);
			runOnlyForDeploymentPostprocessing = 0;
		};
/* End PBXResourcesBuildPhase section */

/* Begin PBXSourcesBuildPhase section */
		9EB9772B2A1B85B1005FF181 /* Sources */ = {
			isa = PBXSourcesBuildPhase;
			buildActionMask = 2147483647;
			files = (
				9EB977522A1BA4B9005FF181 /* CartView.swift in Sources */,
				9EB977472A1B861D005FF181 /* ListViewModel.swift in Sources */,
				9EB977502A1BA3D6005FF181 /* CartButton.swift in Sources */,
				9EB977442A1B85F6005FF181 /* Item.swift in Sources */,
				9EB9774C2A1B868E005FF181 /* ListView.swift in Sources */,
				9EB977352A1B85B1005FF181 /* ContentView.swift in Sources */,
				9EB9774E2A1B86C0005FF181 /* ItemView.swift in Sources */,
				9EB977422A1B85E6005FF181 /* Cart.swift in Sources */,
				9EB977332A1B85B1005FF181 /* TakeatApp.swift in Sources */,
			);
			runOnlyForDeploymentPostprocessing = 0;
		};
/* End PBXSourcesBuildPhase section */

/* Begin XCBuildConfiguration section */
		9EB9773B2A1B85B1005FF181 /* Debug */ = {
			isa = XCBuildConfiguration;
			buildSettings = {
				ALWAYS_SEARCH_USER_PATHS = NO;
				CLANG_ANALYZER_NONNULL = YES;
				CLANG_ANALYZER_NUMBER_OBJECT_CONVERSION = YES_AGGRESSIVE;
				CLANG_CXX_LANGUAGE_STANDARD = "gnu++20";
				CLANG_ENABLE_MODULES = YES;
				CLANG_ENABLE_OBJC_ARC = YES;
				CLANG_ENABLE_OBJC_WEAK = YES;
				CLANG_WARN_BLOCK_CAPTURE_AUTORELEASING = YES;
				CLANG_WARN_BOOL_CONVERSION = YES;
				CLANG_WARN_COMMA = YES;
				CLANG_WARN_CONSTANT_CONVERSION = YES;
				CLANG_WARN_DEPRECATED_OBJC_IMPLEMENTATIONS = YES;
				CLANG_WARN_DIRECT_OBJC_ISA_USAGE = YES_ERROR;
				CLANG_WARN_DOCUMENTATION_COMMENTS = YES;
				CLANG_WARN_EMPTY_BODY = YES;
				CLANG_WARN_ENUM_CONVERSION = YES;
				CLANG_WARN_INFINITE_RECURSION = YES;
				CLANG_WARN_INT_CONVERSION = YES;
				CLANG_WARN_NON_LITERAL_NULL_CONVERSION = YES;
				CLANG_WARN_OBJC_IMPLICIT_RETAIN_SELF = YES;
				CLANG_WARN_OBJC_LITERAL_CONVERSION = YES;
				CLANG_WARN_OBJC_ROOT_CLASS = YES_ERROR;
				CLANG_WARN_QUOTED_INCLUDE_IN_FRAMEWORK_HEADER = YES;
				CLANG_WARN_RANGE_LOOP_ANALYSIS = YES;
				CLANG_WARN_STRICT_PROTOTYPES = YES;
				CLANG_WARN_SUSPICIOUS_MOVE = YES;
				CLANG_WARN_UNGUARDED_AVAILABILITY = YES_AGGRESSIVE;
				CLANG_WARN_UNREACHABLE_CODE = YES;
				CLANG_WARN__DUPLICATE_METHOD_MATCH = YES;
				COPY_PHASE_STRIP = NO;
				DEBUG_INFORMATION_FORMAT = dwarf;
				ENABLE_STRICT_OBJC_MSGSEND = YES;
				ENABLE_TESTABILITY = YES;
				GCC_C_LANGUAGE_STANDARD = gnu11;
				GCC_DYNAMIC_NO_PIC = NO;
				GCC_NO_COMMON_BLOCKS = YES;
				GCC_OPTIMIZATION_LEVEL = 0;
				GCC_PREPROCESSOR_DEFINITIONS = (
					"DEBUG=1",
					"$(inherited)",
				);
				GCC_WARN_64_TO_32_BIT_CONVERSION = YES;
				GCC_WARN_ABOUT_RETURN_TYPE = YES_ERROR;
				GCC_WARN_UNDECLARED_SELECTOR = YES;
				GCC_WARN_UNINITIALIZED_AUTOS = YES_AGGRESSIVE;
				GCC_WARN_UNUSED_FUNCTION = YES;
				GCC_WARN_UNUSED_VARIABLE = YES;
				IPHONEOS_DEPLOYMENT_TARGET = 16.4;
				MTL_ENABLE_DEBUG_INFO = INCLUDE_SOURCE;
				MTL_FAST_MATH = YES;
				ONLY_ACTIVE_ARCH = YES;
				SDKROOT = iphoneos;
				SWIFT_ACTIVE_COMPILATION_CONDITIONS = DEBUG;
				SWIFT_OPTIMIZATION_LEVEL = "-Onone";
			};
			name = Debug;
		};
		9EB9773C2A1B85B1005FF181 /* Release */ = {
			isa = XCBuildConfiguration;
			buildSettings = {
				ALWAYS_SEARCH_USER_PATHS = NO;
				CLANG_ANALYZER_NONNULL = YES;
				CLANG_ANALYZER_NUMBER_OBJECT_CONVERSION = YES_AGGRESSIVE;
				CLANG_CXX_LANGUAGE_STANDARD = "gnu++20";
				CLANG_ENABLE_MODULES = YES;
				CLANG_ENABLE_OBJC_ARC = YES;
				CLANG_ENABLE_OBJC_WEAK = YES;
				CLANG_WARN_BLOCK_CAPTURE_AUTORELEASING = YES;
				CLANG_WARN_BOOL_CONVERSION = YES;
				CLANG_WARN_COMMA = YES;
				CLANG_WARN_CONSTANT_CONVERSION = YES;
				CLANG_WARN_DEPRECATED_OBJC_IMPLEMENTATIONS = YES;
				CLANG_WARN_DIRECT_OBJC_ISA_USAGE = YES_ERROR;
				CLANG_WARN_DOCUMENTATION_COMMENTS = YES;
				CLANG_WARN_EMPTY_BODY = YES;
				CLANG_WARN_ENUM_CONVERSION = YES;
				CLANG_WARN_INFINITE_RECURSION = YES;
				CLANG_WARN_INT_CONVERSION = YES;
				CLANG_WARN_NON_LITERAL_NULL_CONVERSION = YES;
				CLANG_WARN_OBJC_IMPLICIT_RETAIN_SELF = YES;
				CLANG_WARN_OBJC_LITERAL_CONVERSION = YES;
				CLANG_WARN_OBJC_ROOT_CLASS = YES_ERROR;
				CLANG_WARN_QUOTED_INCLUDE_IN_FRAMEWORK_HEADER = YES;
				CLANG_WARN_RANGE_LOOP_ANALYSIS = YES;
				CLANG_WARN_STRICT_PROTOTYPES = YES;
				CLANG_WARN_SUSPICIOUS_MOVE = YES;
				CLANG_WARN_UNGUARDED_AVAILABILITY = YES_AGGRESSIVE;
				CLANG_WARN_UNREACHABLE_CODE = YES;
				CLANG_WARN__DUPLICATE_METHOD_MATCH = YES;
				COPY_PHASE_STRIP = NO;
				DEBUG_INFORMATION_FORMAT = "dwarf-with-dsym";
				ENABLE_NS_ASSERTIONS = NO;
				ENABLE_STRICT_OBJC_MSGSEND = YES;
				GCC_C_LANGUAGE_STANDARD = gnu11;
				GCC_NO_COMMON_BLOCKS = YES;
				GCC_WARN_64_TO_32_BIT_CONVERSION = YES;
				GCC_WARN_ABOUT_RETURN_TYPE = YES_ERROR;
				GCC_WARN_UNDECLARED_SELECTOR = YES;
				GCC_WARN_UNINITIALIZED_AUTOS = YES_AGGRESSIVE;
				GCC_WARN_UNUSED_FUNCTION = YES;
				GCC_WARN_UNUSED_VARIABLE = YES;
				IPHONEOS_DEPLOYMENT_TARGET = 16.4;
				MTL_ENABLE_DEBUG_INFO = NO;
				MTL_FAST_MATH = YES;
				SDKROOT = iphoneos;
				SWIFT_COMPILATION_MODE = wholemodule;
				SWIFT_OPTIMIZATION_LEVEL = "-O";
				VALIDATE_PRODUCT = YES;
			};
			name = Release;
		};
		9EB9773E2A1B85B1005FF181 /* Debug */ = {
			isa = XCBuildConfiguration;
			buildSettings = {
				ASSETCATALOG_COMPILER_APPICON_NAME = AppIcon;
				ASSETCATALOG_COMPILER_GLOBAL_ACCENT_COLOR_NAME = AccentColor;
				CODE_SIGN_STYLE = Automatic;
				CURRENT_PROJECT_VERSION = 1;
				DEVELOPMENT_ASSET_PATHS = "\"Takeat/Preview Content\"";
				DEVELOPMENT_TEAM = 52V9YXPJQB;
				ENABLE_PREVIEWS = YES;
				GENERATE_INFOPLIST_FILE = YES;
				INFOPLIST_KEY_UIApplicationSceneManifest_Generation = YES;
				INFOPLIST_KEY_UIApplicationSupportsIndirectInputEvents = YES;
				INFOPLIST_KEY_UILaunchScreen_Generation = YES;
				INFOPLIST_KEY_UISupportedInterfaceOrientations_iPad = "UIInterfaceOrientationPortrait UIInterfaceOrientationPortraitUpsideDown UIInterfaceOrientationLandscapeLeft UIInterfaceOrientationLandscapeRight";
				INFOPLIST_KEY_UISupportedInterfaceOrientations_iPhone = "UIInterfaceOrientationPortrait UIInterfaceOrientationLandscapeLeft UIInterfaceOrientationLandscapeRight";
				LD_RUNPATH_SEARCH_PATHS = (
					"$(inherited)",
					"@executable_path/Frameworks",
				);
				MARKETING_VERSION = 1.0;
				PRODUCT_BUNDLE_IDENTIFIER = prokodan.Takeat;
				PRODUCT_NAME = "$(TARGET_NAME)";
				SWIFT_EMIT_LOC_STRINGS = YES;
				SWIFT_VERSION = 5.0;
				TARGETED_DEVICE_FAMILY = "1,2";
			};
			name = Debug;
		};
		9EB9773F2A1B85B1005FF181 /* Release */ = {
			isa = XCBuildConfiguration;
			buildSettings = {
				ASSETCATALOG_COMPILER_APPICON_NAME = AppIcon;
				ASSETCATALOG_COMPILER_GLOBAL_ACCENT_COLOR_NAME = AccentColor;
				CODE_SIGN_STYLE = Automatic;
				CURRENT_PROJECT_VERSION = 1;
				DEVELOPMENT_ASSET_PATHS = "\"Takeat/Preview Content\"";
				DEVELOPMENT_TEAM = 52V9YXPJQB;
				ENABLE_PREVIEWS = YES;
				GENERATE_INFOPLIST_FILE = YES;
				INFOPLIST_KEY_UIApplicationSceneManifest_Generation = YES;
				INFOPLIST_KEY_UIApplicationSupportsIndirectInputEvents = YES;
				INFOPLIST_KEY_UILaunchScreen_Generation = YES;
				INFOPLIST_KEY_UISupportedInterfaceOrientations_iPad = "UIInterfaceOrientationPortrait UIInterfaceOrientationPortraitUpsideDown UIInterfaceOrientationLandscapeLeft UIInterfaceOrientationLandscapeRight";
				INFOPLIST_KEY_UISupportedInterfaceOrientations_iPhone = "UIInterfaceOrientationPortrait UIInterfaceOrientationLandscapeLeft UIInterfaceOrientationLandscapeRight";
				LD_RUNPATH_SEARCH_PATHS = (
					"$(inherited)",
					"@executable_path/Frameworks",
				);
				MARKETING_VERSION = 1.0;
				PRODUCT_BUNDLE_IDENTIFIER = prokodan.Takeat;
				PRODUCT_NAME = "$(TARGET_NAME)";
				SWIFT_EMIT_LOC_STRINGS = YES;
				SWIFT_VERSION = 5.0;
				TARGETED_DEVICE_FAMILY = "1,2";
			};
			name = Release;
		};
/* End XCBuildConfiguration section */

/* Begin XCConfigurationList section */
		9EB9772A2A1B85B1005FF181 /* Build configuration list for PBXProject "Takeat" */ = {
			isa = XCConfigurationList;
			buildConfigurations = (
				9EB9773B2A1B85B1005FF181 /* Debug */,
				9EB9773C2A1B85B1005FF181 /* Release */,
			);
			defaultConfigurationIsVisible = 0;
			defaultConfigurationName = Release;
		};
		9EB9773D2A1B85B1005FF181 /* Build configuration list for PBXNativeTarget "Takeat" */ = {
			isa = XCConfigurationList;
			buildConfigurations = (
				9EB9773E2A1B85B1005FF181 /* Debug */,
				9EB9773F2A1B85B1005FF181 /* Release */,
			);
			defaultConfigurationIsVisible = 0;
			defaultConfigurationName = Release;
		};
/* End XCConfigurationList section */
	};
	rootObject = 9EB977272A1B85B1005FF181 /* Project object */;
}
